
Microsoft Visual Studio Solution File, Format Version 12.00
# Visual Studio Version 17
VisualStudioVersion = 17.9.34701.34
MinimumVisualStudioVersion = 10.0.40219.1
Project("{FAE04EC0-301F-11D3-BF4B-00C04F79EFBC}") = "WebAPILearning", "WebAPILearning\WebAPILearning.csproj", "{BA2CB80A-1BAA-4567-B247-740BF02A2F52}"
EndProject
Project("{9A19103F-16F7-4668-BE54-9A1E7A4F7556}") = "WebAPIAuthPratice", "WebAPIAuthPratice\WebAPIAuthPratice.csproj", "{42B628EB-3B42-4941-9D57-8A32CE57FF3A}"
EndProject
Global
	GlobalSection(SolutionConfigurationPlatforms) = preSolution
		Debug|Any CPU = Debug|Any CPU
		Release|Any CPU = Release|Any CPU
	EndGlobalSection
	GlobalSection(ProjectConfigurationPlatforms) = postSolution
		{BA2CB80A-1BAA-4567-B247-740BF02A2F52}.Debug|Any CPU.ActiveCfg = Debug|Any CPU
		{BA2CB80A-1BAA-4567-B247-740BF02A2F52}.Debug|Any CPU.Build.0 = Debug|Any CPU
		{BA2CB80A-1BAA-4567-B247-740BF02A2F52}.Release|Any CPU.ActiveCfg = Release|Any CPU
		{BA2CB80A-1BAA-4567-B247-740BF02A2F52}.Release|Any CPU.Build.0 = Release|Any CPU
		{42B628EB-3B42-4941-9D57-8A32CE57FF3A}.Debug|Any CPU.ActiveCfg = Debug|Any CPU
		{42B628EB-3B42-4941-9D57-8A32CE57FF3A}.Debug|Any CPU.Build.0 = Debug|Any CPU
		{42B628EB-3B42-4941-9D57-8A32CE57FF3A}.Release|Any CPU.ActiveCfg = Release|Any CPU
		{42B628EB-3B42-4941-9D57-8A32CE57FF3A}.Release|Any CPU.Build.0 = Release|Any CPU
	EndGlobalSection
	GlobalSection(SolutionProperties) = preSolution
		HideSolutionNode = FALSE
	EndGlobalSection
	GlobalSection(ExtensibilityGlobals) = postSolution
		SolutionGuid = {9AAAA59C-E4FA-4E55-9F17-3A36FB744710}
	EndGlobalSection
EndGlobal
